
Microsoft Visual Studio Solution File, Format Version 12.00
# Visual Studio Version 16
VisualStudioVersion = 16.0.30002.166
MinimumVisualStudioVersion = 10.0.40219.1
Project("{FAE04EC0-301F-11D3-BF4B-00C04F79EFBC}") = "KanyeRest", "KanyeRest\KanyeRest.csproj", "{B336020E-B9DD-4213-9772-90F50CF9CC25}"
EndProject
Global
	GlobalSection(SolutionConfigurationPlatforms) = preSolution
		Debug|Any CPU = Debug|Any CPU
		Release|Any CPU = Release|Any CPU
	EndGlobalSection
	GlobalSection(ProjectConfigurationPlatforms) = postSolution
		{B336020E-B9DD-4213-9772-90F50CF9CC25}.Debug|Any CPU.ActiveCfg = Debug|Any CPU
		{B336020E-B9DD-4213-9772-90F50CF9CC25}.Debug|Any CPU.Build.0 = Debug|Any CPU
		{B336020E-B9DD-4213-9772-90F50CF9CC25}.Release|Any CPU.ActiveCfg = Release|Any CPU
		{B336020E-B9DD-4213-9772-90F50CF9CC25}.Release|Any CPU.Build.0 = Release|Any CPU
	EndGlobalSection
	GlobalSection(SolutionProperties) = preSolution
		HideSolutionNode = FALSE
	EndGlobalSection
	GlobalSection(ExtensibilityGlobals) = postSolution
		SolutionGuid = {89034C18-E2BB-4C36-AEF8-6FC397CE7C31}
	EndGlobalSection
EndGlobal
